
Microsoft Visual Studio Solution File, Format Version 12.00
# Visual Studio Version 17
VisualStudioVersion = 17.10.34916.146
MinimumVisualStudioVersion = 10.0.40219.1
Project("{FAE04EC0-301F-11D3-BF4B-00C04F79EFBC}") = "TowersOfHanoi", "TowersOfHanoi\TowersOfHanoi.csproj", "{477C0947-283F-4C3F-B69E-7096A9FCD1A4}"
EndProject
Global
	GlobalSection(SolutionConfigurationPlatforms) = preSolution
		Debug|Any CPU = Debug|Any CPU
		Release|Any CPU = Release|Any CPU
	EndGlobalSection
	GlobalSection(ProjectConfigurationPlatforms) = postSolution
		{477C0947-283F-4C3F-B69E-7096A9FCD1A4}.Debug|Any CPU.ActiveCfg = Debug|Any CPU
		{477C0947-283F-4C3F-B69E-7096A9FCD1A4}.Debug|Any CPU.Build.0 = Debug|Any CPU
		{477C0947-283F-4C3F-B69E-7096A9FCD1A4}.Release|Any CPU.ActiveCfg = Release|Any CPU
		{477C0947-283F-4C3F-B69E-7096A9FCD1A4}.Release|Any CPU.Build.0 = Release|Any CPU
	EndGlobalSection
	GlobalSection(SolutionProperties) = preSolution
		HideSolutionNode = FALSE
	EndGlobalSection
	GlobalSection(ExtensibilityGlobals) = postSolution
		SolutionGuid = {0B704839-2935-4EBC-8C71-731B20195AC4}
	EndGlobalSection
EndGlobal
